{
  "name": "ondacase",
  "version": "1.0.0",
  "lockfileVersion": 3,
  "requires": true,
  "packages": {
    "": {
      "name": "ondacase",
      "version": "1.0.0",
      "license": "ISC",
      "dependencies": {
        "inkjs": "2.4.0"
      }
    },
    "node_modules/inkjs": {
      "version": "2.4.0",
      "resolved": "https://registry.npmjs.org/inkjs/-/inkjs-2.4.0.tgz",
      "integrity": "sha512-EoPCYESIbMtfI8SqEDZCJwn+A5is0QozMLw250iic1ReJCgZpRKIezWj0VqgRUzAx0f3MmEbsUjY/ILe2815JQ==",
      "license": "MIT",
      "bin": {
        "inkjs-compiler": "bin/inkjs-compiler.js"
      }
    }
  }
}
